<Solution>
  <Project Path="src/Inamsoft.Libs.MetadataProviders/Inamsoft.Libs.MetadataProviders.csproj" Id="ef5545b5-ca40-48fc-8b2a-bd6787727912" />
  <Project Path="src/Inamsoft.Libs.SourceGenerators.Attributes/Inamsoft.Libs.SourceGenerators.Attributes.csproj" Id="77d1ccb6-7d45-40db-8c4e-5846890b0790" />
  <Project Path="src/Inamsoft.Libs.SourceGenerators/Inamsoft.Libs.SourceGenerators.csproj" Id="422ad5de-bbed-4ffe-b086-15417f829fcc" />
  <Project Path="src/Inamsoft.MediaFileRenamer/Inamsoft.MediaFileRenamer.csproj" />
</Solution>
